
Microsoft Visual Studio Solution File, Format Version 12.00
# Visual Studio 15
VisualStudioVersion = 15.0.27130.2026
MinimumVisualStudioVersion = 10.0.40219.1
Project("{8BC9CEB8-8B4A-11D0-8D11-00A0C91BC942}") = "distribute sample", "distribute sample\distribute sample\distribute sample.vcxproj", "{E9DC2777-797E-4C48-8359-FBA6B2109FBC}"
EndProject
Project("{8BC9CEB8-8B4A-11D0-8D11-00A0C91BC942}") = "sliceQuery", "sliceQuery\sliceQuery\sliceQuery.vcxproj", "{EF07079A-22E7-4394-A23C-814FAB221698}"
EndProject
Project("{8BC9CEB8-8B4A-11D0-8D11-00A0C91BC942}") = "Slicing Simulation", "Slicing Simulation\Slicing Simulation\Slicing Simulation.vcxproj", "{B7C50E77-1E4E-479F-9B3A-398087B90317}"
EndProject
Global
	GlobalSection(SolutionConfigurationPlatforms) = preSolution
		Debug|x64 = Debug|x64
		Debug|x86 = Debug|x86
		Release|x64 = Release|x64
		Release|x86 = Release|x86
	EndGlobalSection
	GlobalSection(ProjectConfigurationPlatforms) = postSolution
		{E9DC2777-797E-4C48-8359-FBA6B2109FBC}.Debug|x64.ActiveCfg = Debug|x64
		{E9DC2777-797E-4C48-8359-FBA6B2109FBC}.Debug|x64.Build.0 = Debug|x64
		{E9DC2777-797E-4C48-8359-FBA6B2109FBC}.Debug|x86.ActiveCfg = Debug|x64
		{E9DC2777-797E-4C48-8359-FBA6B2109FBC}.Debug|x86.Build.0 = Debug|x64
		{E9DC2777-797E-4C48-8359-FBA6B2109FBC}.Release|x64.ActiveCfg = Release|x64
		{E9DC2777-797E-4C48-8359-FBA6B2109FBC}.Release|x64.Build.0 = Release|x64
		{E9DC2777-797E-4C48-8359-FBA6B2109FBC}.Release|x86.ActiveCfg = Debug|x64
		{E9DC2777-797E-4C48-8359-FBA6B2109FBC}.Release|x86.Build.0 = Debug|x64
		{EF07079A-22E7-4394-A23C-814FAB221698}.Debug|x64.ActiveCfg = Debug|x64
		{EF07079A-22E7-4394-A23C-814FAB221698}.Debug|x64.Build.0 = Debug|x64
		{EF07079A-22E7-4394-A23C-814FAB221698}.Debug|x86.ActiveCfg = Debug|x64
		{EF07079A-22E7-4394-A23C-814FAB221698}.Debug|x86.Build.0 = Debug|x64
		{EF07079A-22E7-4394-A23C-814FAB221698}.Release|x64.ActiveCfg = Release|x64
		{EF07079A-22E7-4394-A23C-814FAB221698}.Release|x64.Build.0 = Release|x64
		{EF07079A-22E7-4394-A23C-814FAB221698}.Release|x86.ActiveCfg = Debug|x64
		{EF07079A-22E7-4394-A23C-814FAB221698}.Release|x86.Build.0 = Debug|x64
		{B7C50E77-1E4E-479F-9B3A-398087B90317}.Debug|x64.ActiveCfg = Debug|x64
		{B7C50E77-1E4E-479F-9B3A-398087B90317}.Debug|x64.Build.0 = Debug|x64
		{B7C50E77-1E4E-479F-9B3A-398087B90317}.Debug|x86.ActiveCfg = Debug|x64
		{B7C50E77-1E4E-479F-9B3A-398087B90317}.Debug|x86.Build.0 = Debug|x64
		{B7C50E77-1E4E-479F-9B3A-398087B90317}.Release|x64.ActiveCfg = Release|x64
		{B7C50E77-1E4E-479F-9B3A-398087B90317}.Release|x64.Build.0 = Release|x64
		{B7C50E77-1E4E-479F-9B3A-398087B90317}.Release|x86.ActiveCfg = Debug|x64
		{B7C50E77-1E4E-479F-9B3A-398087B90317}.Release|x86.Build.0 = Debug|x64
	EndGlobalSection
	GlobalSection(SolutionProperties) = preSolution
		HideSolutionNode = FALSE
	EndGlobalSection
	GlobalSection(ExtensibilityGlobals) = postSolution
		SolutionGuid = {407BC8CC-023F-4DE8-B532-723F1D09BFBA}
	EndGlobalSection
EndGlobal
